
Microsoft Visual Studio Solution File, Format Version 12.00
# Visual Studio 15
VisualStudioVersion = 15.0.27703.2026
MinimumVisualStudioVersion = 10.0.40219.1
Project("{FAE04EC0-301F-11D3-BF4B-00C04F79EFBC}") = "technicalInterview", "technicalInterview\technicalInterview.csproj", "{2379E96F-82C2-4409-A9C4-CFF6A4E2B5AE}"
EndProject
Project("{FAE04EC0-301F-11D3-BF4B-00C04F79EFBC}") = "technicalInterviewTests", "technicalInterviewTests\technicalInterviewTests.csproj", "{829F879B-A0B8-4BA8-95B0-2081F5E83C9C}"
EndProject
Global
	GlobalSection(SolutionConfigurationPlatforms) = preSolution
		Debug|Any CPU = Debug|Any CPU
		Release|Any CPU = Release|Any CPU
	EndGlobalSection
	GlobalSection(ProjectConfigurationPlatforms) = postSolution
		{2379E96F-82C2-4409-A9C4-CFF6A4E2B5AE}.Debug|Any CPU.ActiveCfg = Debug|Any CPU
		{2379E96F-82C2-4409-A9C4-CFF6A4E2B5AE}.Debug|Any CPU.Build.0 = Debug|Any CPU
		{2379E96F-82C2-4409-A9C4-CFF6A4E2B5AE}.Release|Any CPU.ActiveCfg = Release|Any CPU
		{2379E96F-82C2-4409-A9C4-CFF6A4E2B5AE}.Release|Any CPU.Build.0 = Release|Any CPU
		{829F879B-A0B8-4BA8-95B0-2081F5E83C9C}.Debug|Any CPU.ActiveCfg = Debug|Any CPU
		{829F879B-A0B8-4BA8-95B0-2081F5E83C9C}.Debug|Any CPU.Build.0 = Debug|Any CPU
		{829F879B-A0B8-4BA8-95B0-2081F5E83C9C}.Release|Any CPU.ActiveCfg = Release|Any CPU
		{829F879B-A0B8-4BA8-95B0-2081F5E83C9C}.Release|Any CPU.Build.0 = Release|Any CPU
	EndGlobalSection
	GlobalSection(SolutionProperties) = preSolution
		HideSolutionNode = FALSE
	EndGlobalSection
	GlobalSection(ExtensibilityGlobals) = postSolution
		SolutionGuid = {B1C57F19-525E-4FA8-A221-F41DA9D43DA5}
	EndGlobalSection
EndGlobal
